// !$*UTF8*$!
{
	archiveVersion = 1;
	classes = {
	};
	objectVersion = 77;
	objects = {

/* Begin PBXBuildFile section */
		0BBD1DF433F345E62C6A26EF /* LimitProbe.swift in Sources */ = {isa = PBXBuildFile; fileRef = 60F09D3CAB56AE663B9F7ECA /* LimitProbe.swift */; };
		170EC1421ABCDAF9C4612460 /* ClaudeOAuthUsage.swift in Sources */ = {isa = PBXBuildFile; fileRef = 895A979571D5E5C14830B41D /* ClaudeOAuthUsage.swift */; };
		198493F605C07AB87B0BDFA9 /* CapacityPool.swift in Sources */ = {isa = PBXBuildFile; fileRef = B8862B929FE544FCB2C3D06B /* CapacityPool.swift */; };
		1DD89F5634070B75C09BDE99 /* ClaudeLocalStatus.swift in Sources */ = {isa = PBXBuildFile; fileRef = E2E426A482568BBE85357D7E /* ClaudeLocalStatus.swift */; };
		28FDF54D88C9CB4A982643A6 /* SnapshotRefreshService.swift in Sources */ = {isa = PBXBuildFile; fileRef = 45E8D3C3E45C1B6B3FACE828 /* SnapshotRefreshService.swift */; };
		29FD4D47A21D08ABAE47E778 /* Assets.xcassets in Resources */ = {isa = PBXBuildFile; fileRef = 944A3154A0C2E33C5971E571 /* Assets.xcassets */; };
		2D53BD76E94E68A54CF36F92 /* SnapshotFreshness.swift in Sources */ = {isa = PBXBuildFile; fileRef = D03C19BEA1C610711A048EB7 /* SnapshotFreshness.swift */; };
		36A035769881D4A450BA3BD8 /* libContextPanelCore.a in Frameworks */ = {isa = PBXBuildFile; fileRef = F09182E1FD96DAEEC38F3909 /* libContextPanelCore.a */; };
		38E9E0A22491522FF4E0A8F4 /* ContextPanelPreviewApp.swift in Sources */ = {isa = PBXBuildFile; fileRef = A46D6040EB6F68FC91EC477D /* ContextPanelPreviewApp.swift */; };
		44B9C8ACA1DFFB743B5BD86A /* ResetPrimerPlanner.swift in Sources */ = {isa = PBXBuildFile; fileRef = 1C30C085B935F62134E5C8C5 /* ResetPrimerPlanner.swift */; };
		44DFF437D4762A4D0D2DBAA8 /* BurnRateEstimator.swift in Sources */ = {isa = PBXBuildFile; fileRef = 8FB4BEA57ACE8B84CAE71E75 /* BurnRateEstimator.swift */; };
		459C8EC82194CE1A950FE1B5 /* UsageLimit.swift in Sources */ = {isa = PBXBuildFile; fileRef = D459054C90410A784EBD308B /* UsageLimit.swift */; };
		4724F8C68962DB03D346B973 /* ClaudeAccountMigration.swift in Sources */ = {isa = PBXBuildFile; fileRef = 8BBC1080557704B2EF023A7B /* ClaudeAccountMigration.swift */; };
		47414B1A42BE473BF1644296 /* CodexRateLimits.swift in Sources */ = {isa = PBXBuildFile; fileRef = 9FA8FE4CC9BE058D8F46FBA2 /* CodexRateLimits.swift */; };
		4BA8FE73012AF7F7900B5D4E /* OAuthPKCE.swift in Sources */ = {isa = PBXBuildFile; fileRef = FB0E4D0FF6DD744B87D215B9 /* OAuthPKCE.swift */; };
		4C21A68400F35036382C1798 /* GoogleAccountMigration.swift in Sources */ = {isa = PBXBuildFile; fileRef = 25E82B6087974E01B972918C /* GoogleAccountMigration.swift */; };
		576079E3E46B8EF5C2A9F61C /* PromptCacheTelemetry.swift in Sources */ = {isa = PBXBuildFile; fileRef = 96C85B770C80B786EAE068CF /* PromptCacheTelemetry.swift */; };
		5873091E47623CBEB29253EF /* ContextPanelRefreshAgent.swift in Sources */ = {isa = PBXBuildFile; fileRef = AC712405A58ED12AA33BDC68 /* ContextPanelRefreshAgent.swift */; };
		5A0D8445C6C8B0CB88F4D643 /* GoogleAntigravityQuota.swift in Sources */ = {isa = PBXBuildFile; fileRef = 8C29BEF2E36108729A8B4EC4 /* GoogleAntigravityQuota.swift */; };
		66D9A9D36B46051B1C1EA722 /* ResetPrimerSettings.swift in Sources */ = {isa = PBXBuildFile; fileRef = 2D9602BF84ECDE08C7275504 /* ResetPrimerSettings.swift */; };
		7BA3559FC81F11DF2B9493F9 /* ClaudeStatuslineSetup.swift in Sources */ = {isa = PBXBuildFile; fileRef = 51474C30B520517CB01103A9 /* ClaudeStatuslineSetup.swift */; };
		85EBA57F3F1633F2D6E54103 /* ContextPanelWidgetExtension.appex in Embed Foundation Extensions */ = {isa = PBXBuildFile; fileRef = 07D959D621E594C0CFC2CEF5 /* ContextPanelWidgetExtension.appex */; settings = {ATTRIBUTES = (RemoveHeadersOnCopy, ); }; };
		86D64E082F50479344767059 /* ContextPanelRefreshAgent.app in Embed Dependencies */ = {isa = PBXBuildFile; fileRef = 086B12021073A6F2A49850A1 /* ContextPanelRefreshAgent.app */; settings = {ATTRIBUTES = (RemoveHeadersOnCopy, ); }; };
		96B17A7F4844C6A4B3AE59FA /* BackgroundRefreshSettings.swift in Sources */ = {isa = PBXBuildFile; fileRef = 15DC14CB07B8BA4756DAB731 /* BackgroundRefreshSettings.swift */; };
		9C74713AEFFAC6D85E7ACF3F /* FastModeForecast.swift in Sources */ = {isa = PBXBuildFile; fileRef = 7BD985B0213AB5987D3B3170 /* FastModeForecast.swift */; };
		A1E12E6C1FA3E1356F93519B /* PromptCacheTelemetryMirrorService.swift in Sources */ = {isa = PBXBuildFile; fileRef = F3B93DAA06AE42D89A02C5EE /* PromptCacheTelemetryMirrorService.swift */; };
		A83D074D710D28DEF7375292 /* libContextPanelCore.a in Frameworks */ = {isa = PBXBuildFile; fileRef = F09182E1FD96DAEEC38F3909 /* libContextPanelCore.a */; };
		A9464088796B38105C01F7D3 /* MainLimitSummary.swift in Sources */ = {isa = PBXBuildFile; fileRef = 3FC2DAEDD38483FC3A5D4880 /* MainLimitSummary.swift */; };
		B6C35EBBE9327327BDCA324F /* SnapshotStore.swift in Sources */ = {isa = PBXBuildFile; fileRef = 32D8515D047F5A8117DB762C /* SnapshotStore.swift */; };
		B7244849824A8A58FDFBD181 /* ContextPanelDateFormatting.swift in Sources */ = {isa = PBXBuildFile; fileRef = 9909074D7E80648BC2A01C51 /* ContextPanelDateFormatting.swift */; };
		B83302BDC1EAC3EE45DBE8B8 /* WidgetSnapshot.swift in Sources */ = {isa = PBXBuildFile; fileRef = 5233BBC86AE8057D749F71CD /* WidgetSnapshot.swift */; };
		BE7F8E276624C8E6D93BC329 /* libContextPanelCore.a in Frameworks */ = {isa = PBXBuildFile; fileRef = F09182E1FD96DAEEC38F3909 /* libContextPanelCore.a */; };
		C0DD7394E058BEE84E20AA43 /* ProviderCredentialStore.swift in Sources */ = {isa = PBXBuildFile; fileRef = A625CCDC97920B24B000C170 /* ProviderCredentialStore.swift */; };
		C1DF7B59257060AC0A6AF44D /* ContextPanelLocations.swift in Sources */ = {isa = PBXBuildFile; fileRef = 23E9C71457F4E1F101132FCF /* ContextPanelLocations.swift */; };
		C6CA96F5E75E32FCCD329736 /* ContextPanelWidgetViews.swift in Sources */ = {isa = PBXBuildFile; fileRef = 407B0E4C039FFF22FA8F8542 /* ContextPanelWidgetViews.swift */; };
		E223E001AF708A36F7976205 /* WidgetDisplayPreferences.swift in Sources */ = {isa = PBXBuildFile; fileRef = FBDCF9F49A90CA3576BF2792 /* WidgetDisplayPreferences.swift */; };
		E755DFF9AC42460A40C2102E /* SecureFileBookmark.swift in Sources */ = {isa = PBXBuildFile; fileRef = 8FA0C66F95091A96B8F7CBF4 /* SecureFileBookmark.swift */; };
		E77C3B3D8985239A004E8CDC /* AccountConfigurationStore.swift in Sources */ = {isa = PBXBuildFile; fileRef = 186D607FE2EEFDFFE2E70446 /* AccountConfigurationStore.swift */; };
		F4B9B4FB75A285E38AE52B1D /* ProviderConnector.swift in Sources */ = {isa = PBXBuildFile; fileRef = 350ED5589FB23C42ED32704A /* ProviderConnector.swift */; };
		FE093A1996BA546A10A800DA /* ContextPanelWidget.swift in Sources */ = {isa = PBXBuildFile; fileRef = E195C6E906DA9C0BF082622F /* ContextPanelWidget.swift */; };
/* End PBXBuildFile section */

/* Begin PBXContainerItemProxy section */
		32954FE71C65F1FD1E590272 /* PBXContainerItemProxy */ = {
			isa = PBXContainerItemProxy;
			containerPortal = 194387DBD3D0F10E17F284F9 /* Project object */;
			proxyType = 1;
			remoteGlobalIDString = EE4B8035BB7A9BD03B668BB8;
			remoteInfo = ContextPanelCore;
		};
		3C3392E33451B979623C2996 /* PBXContainerItemProxy */ = {
			isa = PBXContainerItemProxy;
			containerPortal = 194387DBD3D0F10E17F284F9 /* Project object */;
			proxyType = 1;
			remoteGlobalIDString = 92EF616FEBA46FCB02E887BE;
			remoteInfo = ContextPanelWidgetExtension;
		};
		414DF92795D70A46FF7F1240 /* PBXContainerItemProxy */ = {
			isa = PBXContainerItemProxy;
			containerPortal = 194387DBD3D0F10E17F284F9 /* Project object */;
			proxyType = 1;
			remoteGlobalIDString = EE4B8035BB7A9BD03B668BB8;
			remoteInfo = ContextPanelCore;
		};
		A81BFB53BF2A07F0375FCF7E /* PBXContainerItemProxy */ = {
			isa = PBXContainerItemProxy;
			containerPortal = 194387DBD3D0F10E17F284F9 /* Project object */;
			proxyType = 1;
			remoteGlobalIDString = EE4B8035BB7A9BD03B668BB8;
			remoteInfo = ContextPanelCore;
		};
		EA5CB043A52E103A63373F09 /* PBXContainerItemProxy */ = {
			isa = PBXContainerItemProxy;
			containerPortal = 194387DBD3D0F10E17F284F9 /* Project object */;
			proxyType = 1;
			remoteGlobalIDString = 2CBF2D7A344180F87098B384;
			remoteInfo = ContextPanelRefreshAgent;
		};
/* End PBXContainerItemProxy section */

/* Begin PBXCopyFilesBuildPhase section */
		09DAA1F320B84A007C14B253 /* Embed Foundation Extensions */ = {
			isa = PBXCopyFilesBuildPhase;
			buildActionMask = 2147483647;
			dstPath = "";
			dstSubfolderSpec = 13;
			files = (
				85EBA57F3F1633F2D6E54103 /* ContextPanelWidgetExtension.appex in Embed Foundation Extensions */,
			);
			name = "Embed Foundation Extensions";
			runOnlyForDeploymentPostprocessing = 0;
		};
		88F350B59E49D87CBBACFFE3 /* Embed Dependencies */ = {
			isa = PBXCopyFilesBuildPhase;
			buildActionMask = 2147483647;
			dstPath = Contents/Library/LoginItems;
			dstSubfolderSpec = 1;
			files = (
				86D64E082F50479344767059 /* ContextPanelRefreshAgent.app in Embed Dependencies */,
			);
			name = "Embed Dependencies";
			runOnlyForDeploymentPostprocessing = 0;
		};
/* End PBXCopyFilesBuildPhase section */

/* Begin PBXFileReference section */
		07D959D621E594C0CFC2CEF5 /* ContextPanelWidgetExtension.appex */ = {isa = PBXFileReference; explicitFileType = "wrapper.app-extension"; includeInIndex = 0; path = ContextPanelWidgetExtension.appex; sourceTree = BUILT_PRODUCTS_DIR; };
		086B12021073A6F2A49850A1 /* ContextPanelRefreshAgent.app */ = {isa = PBXFileReference; explicitFileType = wrapper.application; includeInIndex = 0; path = ContextPanelRefreshAgent.app; sourceTree = BUILT_PRODUCTS_DIR; };
		15DC14CB07B8BA4756DAB731 /* BackgroundRefreshSettings.swift */ = {isa = PBXFileReference; lastKnownFileType = sourcecode.swift; path = BackgroundRefreshSettings.swift; sourceTree = "<group>"; };
		186D607FE2EEFDFFE2E70446 /* AccountConfigurationStore.swift */ = {isa = PBXFileReference; lastKnownFileType = sourcecode.swift; path = AccountConfigurationStore.swift; sourceTree = "<group>"; };
		1C30C085B935F62134E5C8C5 /* ResetPrimerPlanner.swift */ = {isa = PBXFileReference; lastKnownFileType = sourcecode.swift; path = ResetPrimerPlanner.swift; sourceTree = "<group>"; };
		23E9C71457F4E1F101132FCF /* ContextPanelLocations.swift */ = {isa = PBXFileReference; lastKnownFileType = sourcecode.swift; path = ContextPanelLocations.swift; sourceTree = "<group>"; };
		25E82B6087974E01B972918C /* GoogleAccountMigration.swift */ = {isa = PBXFileReference; lastKnownFileType = sourcecode.swift; path = GoogleAccountMigration.swift; sourceTree = "<group>"; };
		2D9602BF84ECDE08C7275504 /* ResetPrimerSettings.swift */ = {isa = PBXFileReference; lastKnownFileType = sourcecode.swift; path = ResetPrimerSettings.swift; sourceTree = "<group>"; };
		32D8515D047F5A8117DB762C /* SnapshotStore.swift */ = {isa = PBXFileReference; lastKnownFileType = sourcecode.swift; path = SnapshotStore.swift; sourceTree = "<group>"; };
		350ED5589FB23C42ED32704A /* ProviderConnector.swift */ = {isa = PBXFileReference; lastKnownFileType = sourcecode.swift; path = ProviderConnector.swift; sourceTree = "<group>"; };
		3FC2DAEDD38483FC3A5D4880 /* MainLimitSummary.swift */ = {isa = PBXFileReference; lastKnownFileType = sourcecode.swift; path = MainLimitSummary.swift; sourceTree = "<group>"; };
		407B0E4C039FFF22FA8F8542 /* ContextPanelWidgetViews.swift */ = {isa = PBXFileReference; lastKnownFileType = sourcecode.swift; path = ContextPanelWidgetViews.swift; sourceTree = "<group>"; };
		45E8D3C3E45C1B6B3FACE828 /* SnapshotRefreshService.swift */ = {isa = PBXFileReference; lastKnownFileType = sourcecode.swift; path = SnapshotRefreshService.swift; sourceTree = "<group>"; };
		51474C30B520517CB01103A9 /* ClaudeStatuslineSetup.swift */ = {isa = PBXFileReference; lastKnownFileType = sourcecode.swift; path = ClaudeStatuslineSetup.swift; sourceTree = "<group>"; };
		5233BBC86AE8057D749F71CD /* WidgetSnapshot.swift */ = {isa = PBXFileReference; lastKnownFileType = sourcecode.swift; path = WidgetSnapshot.swift; sourceTree = "<group>"; };
		60F09D3CAB56AE663B9F7ECA /* LimitProbe.swift */ = {isa = PBXFileReference; lastKnownFileType = sourcecode.swift; path = LimitProbe.swift; sourceTree = "<group>"; };
		7BD985B0213AB5987D3B3170 /* FastModeForecast.swift */ = {isa = PBXFileReference; lastKnownFileType = sourcecode.swift; path = FastModeForecast.swift; sourceTree = "<group>"; };
		895A979571D5E5C14830B41D /* ClaudeOAuthUsage.swift */ = {isa = PBXFileReference; lastKnownFileType = sourcecode.swift; path = ClaudeOAuthUsage.swift; sourceTree = "<group>"; };
		8BBC1080557704B2EF023A7B /* ClaudeAccountMigration.swift */ = {isa = PBXFileReference; lastKnownFileType = sourcecode.swift; path = ClaudeAccountMigration.swift; sourceTree = "<group>"; };
		8C29BEF2E36108729A8B4EC4 /* GoogleAntigravityQuota.swift */ = {isa = PBXFileReference; lastKnownFileType = sourcecode.swift; path = GoogleAntigravityQuota.swift; sourceTree = "<group>"; };
		8D6350007C73BEF27D871AB0 /* ContextPanel.app */ = {isa = PBXFileReference; explicitFileType = wrapper.application; includeInIndex = 0; path = ContextPanel.app; sourceTree = BUILT_PRODUCTS_DIR; };
		8FA0C66F95091A96B8F7CBF4 /* SecureFileBookmark.swift */ = {isa = PBXFileReference; lastKnownFileType = sourcecode.swift; path = SecureFileBookmark.swift; sourceTree = "<group>"; };
		8FB4BEA57ACE8B84CAE71E75 /* BurnRateEstimator.swift */ = {isa = PBXFileReference; lastKnownFileType = sourcecode.swift; path = BurnRateEstimator.swift; sourceTree = "<group>"; };
		944A3154A0C2E33C5971E571 /* Assets.xcassets */ = {isa = PBXFileReference; lastKnownFileType = folder.assetcatalog; path = Assets.xcassets; sourceTree = "<group>"; };
		96C85B770C80B786EAE068CF /* PromptCacheTelemetry.swift */ = {isa = PBXFileReference; lastKnownFileType = sourcecode.swift; path = PromptCacheTelemetry.swift; sourceTree = "<group>"; };
		9909074D7E80648BC2A01C51 /* ContextPanelDateFormatting.swift */ = {isa = PBXFileReference; lastKnownFileType = sourcecode.swift; path = ContextPanelDateFormatting.swift; sourceTree = "<group>"; };
		9FA8FE4CC9BE058D8F46FBA2 /* CodexRateLimits.swift */ = {isa = PBXFileReference; lastKnownFileType = sourcecode.swift; path = CodexRateLimits.swift; sourceTree = "<group>"; };
		A46D6040EB6F68FC91EC477D /* ContextPanelPreviewApp.swift */ = {isa = PBXFileReference; lastKnownFileType = sourcecode.swift; path = ContextPanelPreviewApp.swift; sourceTree = "<group>"; };
		A625CCDC97920B24B000C170 /* ProviderCredentialStore.swift */ = {isa = PBXFileReference; lastKnownFileType = sourcecode.swift; path = ProviderCredentialStore.swift; sourceTree = "<group>"; };
		AC712405A58ED12AA33BDC68 /* ContextPanelRefreshAgent.swift */ = {isa = PBXFileReference; lastKnownFileType = sourcecode.swift; path = ContextPanelRefreshAgent.swift; sourceTree = "<group>"; };
		B8862B929FE544FCB2C3D06B /* CapacityPool.swift */ = {isa = PBXFileReference; lastKnownFileType = sourcecode.swift; path = CapacityPool.swift; sourceTree = "<group>"; };
		D03C19BEA1C610711A048EB7 /* SnapshotFreshness.swift */ = {isa = PBXFileReference; lastKnownFileType = sourcecode.swift; path = SnapshotFreshness.swift; sourceTree = "<group>"; };
		D459054C90410A784EBD308B /* UsageLimit.swift */ = {isa = PBXFileReference; lastKnownFileType = sourcecode.swift; path = UsageLimit.swift; sourceTree = "<group>"; };
		E195C6E906DA9C0BF082622F /* ContextPanelWidget.swift */ = {isa = PBXFileReference; lastKnownFileType = sourcecode.swift; path = ContextPanelWidget.swift; sourceTree = "<group>"; };
		E2E426A482568BBE85357D7E /* ClaudeLocalStatus.swift */ = {isa = PBXFileReference; lastKnownFileType = sourcecode.swift; path = ClaudeLocalStatus.swift; sourceTree = "<group>"; };
		F09182E1FD96DAEEC38F3909 /* libContextPanelCore.a */ = {isa = PBXFileReference; explicitFileType = archive.ar; includeInIndex = 0; path = libContextPanelCore.a; sourceTree = BUILT_PRODUCTS_DIR; };
		F3B93DAA06AE42D89A02C5EE /* PromptCacheTelemetryMirrorService.swift */ = {isa = PBXFileReference; lastKnownFileType = sourcecode.swift; path = PromptCacheTelemetryMirrorService.swift; sourceTree = "<group>"; };
		FB0E4D0FF6DD744B87D215B9 /* OAuthPKCE.swift */ = {isa = PBXFileReference; lastKnownFileType = sourcecode.swift; path = OAuthPKCE.swift; sourceTree = "<group>"; };
		FBDCF9F49A90CA3576BF2792 /* WidgetDisplayPreferences.swift */ = {isa = PBXFileReference; lastKnownFileType = sourcecode.swift; path = WidgetDisplayPreferences.swift; sourceTree = "<group>"; };
/* End PBXFileReference section */

/* Begin PBXFrameworksBuildPhase section */
		0A536561059AF7F95E2D3FD7 /* Frameworks */ = {
			isa = PBXFrameworksBuildPhase;
			buildActionMask = 2147483647;
			files = (
				36A035769881D4A450BA3BD8 /* libContextPanelCore.a in Frameworks */,
			);
			runOnlyForDeploymentPostprocessing = 0;
		};
		7BFE158EBBBAE213DE50F249 /* Frameworks */ = {
			isa = PBXFrameworksBuildPhase;
			buildActionMask = 2147483647;
			files = (
				BE7F8E276624C8E6D93BC329 /* libContextPanelCore.a in Frameworks */,
			);
			runOnlyForDeploymentPostprocessing = 0;
		};
		B8497808399846766439FAE7 /* Frameworks */ = {
			isa = PBXFrameworksBuildPhase;
			buildActionMask = 2147483647;
			files = (
				A83D074D710D28DEF7375292 /* libContextPanelCore.a in Frameworks */,
			);
			runOnlyForDeploymentPostprocessing = 0;
		};
/* End PBXFrameworksBuildPhase section */

/* Begin PBXGroup section */
		45E9D2C527D1EF15E9811358 /* Products */ = {
			isa = PBXGroup;
			children = (
				8D6350007C73BEF27D871AB0 /* ContextPanel.app */,
				086B12021073A6F2A49850A1 /* ContextPanelRefreshAgent.app */,
				07D959D621E594C0CFC2CEF5 /* ContextPanelWidgetExtension.appex */,
				F09182E1FD96DAEEC38F3909 /* libContextPanelCore.a */,
			);
			name = Products;
			sourceTree = "<group>";
		};
		537271134D87C7167DEBA0C1 /* ContextPanelCore */ = {
			isa = PBXGroup;
			children = (
				186D607FE2EEFDFFE2E70446 /* AccountConfigurationStore.swift */,
				15DC14CB07B8BA4756DAB731 /* BackgroundRefreshSettings.swift */,
				8FB4BEA57ACE8B84CAE71E75 /* BurnRateEstimator.swift */,
				B8862B929FE544FCB2C3D06B /* CapacityPool.swift */,
				8BBC1080557704B2EF023A7B /* ClaudeAccountMigration.swift */,
				E2E426A482568BBE85357D7E /* ClaudeLocalStatus.swift */,
				895A979571D5E5C14830B41D /* ClaudeOAuthUsage.swift */,
				51474C30B520517CB01103A9 /* ClaudeStatuslineSetup.swift */,
				9FA8FE4CC9BE058D8F46FBA2 /* CodexRateLimits.swift */,
				9909074D7E80648BC2A01C51 /* ContextPanelDateFormatting.swift */,
				23E9C71457F4E1F101132FCF /* ContextPanelLocations.swift */,
				7BD985B0213AB5987D3B3170 /* FastModeForecast.swift */,
				25E82B6087974E01B972918C /* GoogleAccountMigration.swift */,
				8C29BEF2E36108729A8B4EC4 /* GoogleAntigravityQuota.swift */,
				60F09D3CAB56AE663B9F7ECA /* LimitProbe.swift */,
				3FC2DAEDD38483FC3A5D4880 /* MainLimitSummary.swift */,
				FB0E4D0FF6DD744B87D215B9 /* OAuthPKCE.swift */,
				96C85B770C80B786EAE068CF /* PromptCacheTelemetry.swift */,
				F3B93DAA06AE42D89A02C5EE /* PromptCacheTelemetryMirrorService.swift */,
				350ED5589FB23C42ED32704A /* ProviderConnector.swift */,
				A625CCDC97920B24B000C170 /* ProviderCredentialStore.swift */,
				1C30C085B935F62134E5C8C5 /* ResetPrimerPlanner.swift */,
				2D9602BF84ECDE08C7275504 /* ResetPrimerSettings.swift */,
				8FA0C66F95091A96B8F7CBF4 /* SecureFileBookmark.swift */,
				D03C19BEA1C610711A048EB7 /* SnapshotFreshness.swift */,
				45E8D3C3E45C1B6B3FACE828 /* SnapshotRefreshService.swift */,
				32D8515D047F5A8117DB762C /* SnapshotStore.swift */,
				D459054C90410A784EBD308B /* UsageLimit.swift */,
				FBDCF9F49A90CA3576BF2792 /* WidgetDisplayPreferences.swift */,
				5233BBC86AE8057D749F71CD /* WidgetSnapshot.swift */,
			);
			name = ContextPanelCore;
			path = Sources/ContextPanelCore;
			sourceTree = "<group>";
		};
		6E201F66FEFA138BFA2F4179 /* Resources */ = {
			isa = PBXGroup;
			children = (
				944A3154A0C2E33C5971E571 /* Assets.xcassets */,
			);
			path = Resources;
			sourceTree = "<group>";
		};
		77BADA15D2FF6ABB6F666F43 = {
			isa = PBXGroup;
			children = (
				537271134D87C7167DEBA0C1 /* ContextPanelCore */,
				F71E88199DC89A225C8F07FC /* ContextPanelPreview */,
				E31529C218A60C30ED319763 /* ContextPanelRefreshAgent */,
				A538E84B22D9D75DE0FD30D4 /* ContextPanelWidget */,
				6E201F66FEFA138BFA2F4179 /* Resources */,
				45E9D2C527D1EF15E9811358 /* Products */,
			);
			sourceTree = "<group>";
		};
		A538E84B22D9D75DE0FD30D4 /* ContextPanelWidget */ = {
			isa = PBXGroup;
			children = (
				E195C6E906DA9C0BF082622F /* ContextPanelWidget.swift */,
				407B0E4C039FFF22FA8F8542 /* ContextPanelWidgetViews.swift */,
			);
			name = ContextPanelWidget;
			path = Sources/ContextPanelWidget;
			sourceTree = "<group>";
		};
		E31529C218A60C30ED319763 /* ContextPanelRefreshAgent */ = {
			isa = PBXGroup;
			children = (
				AC712405A58ED12AA33BDC68 /* ContextPanelRefreshAgent.swift */,
			);
			name = ContextPanelRefreshAgent;
			path = Sources/ContextPanelRefreshAgent;
			sourceTree = "<group>";
		};
		F71E88199DC89A225C8F07FC /* ContextPanelPreview */ = {
			isa = PBXGroup;
			children = (
				A46D6040EB6F68FC91EC477D /* ContextPanelPreviewApp.swift */,
			);
			name = ContextPanelPreview;
			path = Sources/ContextPanelPreview;
			sourceTree = "<group>";
		};
/* End PBXGroup section */

/* Begin PBXNativeTarget section */
		2CBF2D7A344180F87098B384 /* ContextPanelRefreshAgent */ = {
			isa = PBXNativeTarget;
			buildConfigurationList = 92BBFCCC0845D1666D05CD89 /* Build configuration list for PBXNativeTarget "ContextPanelRefreshAgent" */;
			buildPhases = (
				77969DC24638A98197EC0211 /* Sources */,
				B8497808399846766439FAE7 /* Frameworks */,
			);
			buildRules = (
			);
			dependencies = (
				608EA68F5BD8816B4B843293 /* PBXTargetDependency */,
			);
			name = ContextPanelRefreshAgent;
			packageProductDependencies = (
			);
			productName = ContextPanelRefreshAgent;
			productReference = 086B12021073A6F2A49850A1 /* ContextPanelRefreshAgent.app */;
			productType = "com.apple.product-type.application";
		};
		92EF616FEBA46FCB02E887BE /* ContextPanelWidgetExtension */ = {
			isa = PBXNativeTarget;
			buildConfigurationList = 6CB2601991081CFCCB5C6E04 /* Build configuration list for PBXNativeTarget "ContextPanelWidgetExtension" */;
			buildPhases = (
				255CF9DC3E13CC5E897143A3 /* Sources */,
				7BFE158EBBBAE213DE50F249 /* Frameworks */,
			);
			buildRules = (
			);
			dependencies = (
				8361FD30418655D673073A5A /* PBXTargetDependency */,
			);
			name = ContextPanelWidgetExtension;
			packageProductDependencies = (
			);
			productName = ContextPanelWidgetExtension;
			productReference = 07D959D621E594C0CFC2CEF5 /* ContextPanelWidgetExtension.appex */;
			productType = "com.apple.product-type.app-extension";
		};
		EE4B8035BB7A9BD03B668BB8 /* ContextPanelCore */ = {
			isa = PBXNativeTarget;
			buildConfigurationList = 9CBD94C5FBD8FC3E4201DB61 /* Build configuration list for PBXNativeTarget "ContextPanelCore" */;
			buildPhases = (
				5CBBB511F795B6E330EACF99 /* Sources */,
				A6FD12E22FB2385AD98885D1 /* Copy Swift Objective-C Interface Header */,
			);
			buildRules = (
			);
			dependencies = (
			);
			name = ContextPanelCore;
			packageProductDependencies = (
			);
			productName = ContextPanelCore;
			productReference = F09182E1FD96DAEEC38F3909 /* libContextPanelCore.a */;
			productType = "com.apple.product-type.library.static";
		};
		FF80548BA14604BB9B1E9115 /* ContextPanel */ = {
			isa = PBXNativeTarget;
			buildConfigurationList = 54E2B892F7409618FAE8F040 /* Build configuration list for PBXNativeTarget "ContextPanel" */;
			buildPhases = (
				8BE7305E45C25AEF658A9E47 /* Sources */,
				B85F7D0817CF1BFB5778B9D2 /* Resources */,
				0A536561059AF7F95E2D3FD7 /* Frameworks */,
				09DAA1F320B84A007C14B253 /* Embed Foundation Extensions */,
				88F350B59E49D87CBBACFFE3 /* Embed Dependencies */,
			);
			buildRules = (
			);
			dependencies = (
				D29DE5B6DB7D5B324359BCA0 /* PBXTargetDependency */,
				4A468DA4B7F0B61AAE457FF9 /* PBXTargetDependency */,
				95EF038F28306DBE4F1E8B06 /* PBXTargetDependency */,
			);
			name = ContextPanel;
			packageProductDependencies = (
			);
			productName = ContextPanel;
			productReference = 8D6350007C73BEF27D871AB0 /* ContextPanel.app */;
			productType = "com.apple.product-type.application";
		};
/* End PBXNativeTarget section */

/* Begin PBXProject section */
		194387DBD3D0F10E17F284F9 /* Project object */ = {
			isa = PBXProject;
			attributes = {
				BuildIndependentTargetsInParallel = YES;
				LastUpgradeCheck = 1430;
				TargetAttributes = {
					2CBF2D7A344180F87098B384 = {
						DevelopmentTeam = MM5YXC7T6E;
						ProvisioningStyle = Automatic;
					};
					92EF616FEBA46FCB02E887BE = {
						DevelopmentTeam = MM5YXC7T6E;
						ProvisioningStyle = Automatic;
					};
					EE4B8035BB7A9BD03B668BB8 = {
						DevelopmentTeam = MM5YXC7T6E;
						ProvisioningStyle = Automatic;
					};
					FF80548BA14604BB9B1E9115 = {
						DevelopmentTeam = MM5YXC7T6E;
						ProvisioningStyle = Automatic;
					};
				};
			};
			buildConfigurationList = 9B6F6DC10F1BF3A02285845F /* Build configuration list for PBXProject "ContextPanel" */;
			developmentRegion = en;
			hasScannedForEncodings = 0;
			knownRegions = (
				Base,
				en,
			);
			mainGroup = 77BADA15D2FF6ABB6F666F43;
			minimizedProjectReferenceProxies = 1;
			preferredProjectObjectVersion = 77;
			productRefGroup = 45E9D2C527D1EF15E9811358 /* Products */;
			projectDirPath = "";
			projectRoot = "";
			targets = (
				FF80548BA14604BB9B1E9115 /* ContextPanel */,
				EE4B8035BB7A9BD03B668BB8 /* ContextPanelCore */,
				2CBF2D7A344180F87098B384 /* ContextPanelRefreshAgent */,
				92EF616FEBA46FCB02E887BE /* ContextPanelWidgetExtension */,
			);
		};
/* End PBXProject section */

/* Begin PBXResourcesBuildPhase section */
		B85F7D0817CF1BFB5778B9D2 /* Resources */ = {
			isa = PBXResourcesBuildPhase;
			buildActionMask = 2147483647;
			files = (
				29FD4D47A21D08ABAE47E778 /* Assets.xcassets in Resources */,
			);
			runOnlyForDeploymentPostprocessing = 0;
		};
/* End PBXResourcesBuildPhase section */

/* Begin PBXShellScriptBuildPhase section */
		A6FD12E22FB2385AD98885D1 /* Copy Swift Objective-C Interface Header */ = {
			isa = PBXShellScriptBuildPhase;
			buildActionMask = 2147483647;
			files = (
			);
			inputPaths = (
				"$(DERIVED_SOURCES_DIR)/$(SWIFT_OBJC_INTERFACE_HEADER_NAME)",
			);
			name = "Copy Swift Objective-C Interface Header";
			outputPaths = (
				"$(BUILT_PRODUCTS_DIR)/include/$(PRODUCT_MODULE_NAME)/$(SWIFT_OBJC_INTERFACE_HEADER_NAME)",
			);
			runOnlyForDeploymentPostprocessing = 0;
			shellPath = /bin/sh;
			shellScript = "ditto \"${SCRIPT_INPUT_FILE_0}\" \"${SCRIPT_OUTPUT_FILE_0}\"\n";
		};
/* End PBXShellScriptBuildPhase section */

/* Begin PBXSourcesBuildPhase section */
		255CF9DC3E13CC5E897143A3 /* Sources */ = {
			isa = PBXSourcesBuildPhase;
			buildActionMask = 2147483647;
			files = (
				FE093A1996BA546A10A800DA /* ContextPanelWidget.swift in Sources */,
				C6CA96F5E75E32FCCD329736 /* ContextPanelWidgetViews.swift in Sources */,
			);
			runOnlyForDeploymentPostprocessing = 0;
		};
		5CBBB511F795B6E330EACF99 /* Sources */ = {
			isa = PBXSourcesBuildPhase;
			buildActionMask = 2147483647;
			files = (
				E77C3B3D8985239A004E8CDC /* AccountConfigurationStore.swift in Sources */,
				96B17A7F4844C6A4B3AE59FA /* BackgroundRefreshSettings.swift in Sources */,
				44DFF437D4762A4D0D2DBAA8 /* BurnRateEstimator.swift in Sources */,
				198493F605C07AB87B0BDFA9 /* CapacityPool.swift in Sources */,
				4724F8C68962DB03D346B973 /* ClaudeAccountMigration.swift in Sources */,
				1DD89F5634070B75C09BDE99 /* ClaudeLocalStatus.swift in Sources */,
				170EC1421ABCDAF9C4612460 /* ClaudeOAuthUsage.swift in Sources */,
				7BA3559FC81F11DF2B9493F9 /* ClaudeStatuslineSetup.swift in Sources */,
				47414B1A42BE473BF1644296 /* CodexRateLimits.swift in Sources */,
				B7244849824A8A58FDFBD181 /* ContextPanelDateFormatting.swift in Sources */,
				C1DF7B59257060AC0A6AF44D /* ContextPanelLocations.swift in Sources */,
				9C74713AEFFAC6D85E7ACF3F /* FastModeForecast.swift in Sources */,
				4C21A68400F35036382C1798 /* GoogleAccountMigration.swift in Sources */,
				5A0D8445C6C8B0CB88F4D643 /* GoogleAntigravityQuota.swift in Sources */,
				0BBD1DF433F345E62C6A26EF /* LimitProbe.swift in Sources */,
				A9464088796B38105C01F7D3 /* MainLimitSummary.swift in Sources */,
				4BA8FE73012AF7F7900B5D4E /* OAuthPKCE.swift in Sources */,
				576079E3E46B8EF5C2A9F61C /* PromptCacheTelemetry.swift in Sources */,
				A1E12E6C1FA3E1356F93519B /* PromptCacheTelemetryMirrorService.swift in Sources */,
				F4B9B4FB75A285E38AE52B1D /* ProviderConnector.swift in Sources */,
				C0DD7394E058BEE84E20AA43 /* ProviderCredentialStore.swift in Sources */,
				44B9C8ACA1DFFB743B5BD86A /* ResetPrimerPlanner.swift in Sources */,
				66D9A9D36B46051B1C1EA722 /* ResetPrimerSettings.swift in Sources */,
				E755DFF9AC42460A40C2102E /* SecureFileBookmark.swift in Sources */,
				2D53BD76E94E68A54CF36F92 /* SnapshotFreshness.swift in Sources */,
				28FDF54D88C9CB4A982643A6 /* SnapshotRefreshService.swift in Sources */,
				B6C35EBBE9327327BDCA324F /* SnapshotStore.swift in Sources */,
				459C8EC82194CE1A950FE1B5 /* UsageLimit.swift in Sources */,
				E223E001AF708A36F7976205 /* WidgetDisplayPreferences.swift in Sources */,
				B83302BDC1EAC3EE45DBE8B8 /* WidgetSnapshot.swift in Sources */,
			);
			runOnlyForDeploymentPostprocessing = 0;
		};
		77969DC24638A98197EC0211 /* Sources */ = {
			isa = PBXSourcesBuildPhase;
			buildActionMask = 2147483647;
			files = (
				5873091E47623CBEB29253EF /* ContextPanelRefreshAgent.swift in Sources */,
			);
			runOnlyForDeploymentPostprocessing = 0;
		};
		8BE7305E45C25AEF658A9E47 /* Sources */ = {
			isa = PBXSourcesBuildPhase;
			buildActionMask = 2147483647;
			files = (
				38E9E0A22491522FF4E0A8F4 /* ContextPanelPreviewApp.swift in Sources */,
			);
			runOnlyForDeploymentPostprocessing = 0;
		};
/* End PBXSourcesBuildPhase section */

/* Begin PBXTargetDependency section */
		4A468DA4B7F0B61AAE457FF9 /* PBXTargetDependency */ = {
			isa = PBXTargetDependency;
			target = 92EF616FEBA46FCB02E887BE /* ContextPanelWidgetExtension */;
			targetProxy = 3C3392E33451B979623C2996 /* PBXContainerItemProxy */;
		};
		608EA68F5BD8816B4B843293 /* PBXTargetDependency */ = {
			isa = PBXTargetDependency;
			target = EE4B8035BB7A9BD03B668BB8 /* ContextPanelCore */;
			targetProxy = 414DF92795D70A46FF7F1240 /* PBXContainerItemProxy */;
		};
		8361FD30418655D673073A5A /* PBXTargetDependency */ = {
			isa = PBXTargetDependency;
			target = EE4B8035BB7A9BD03B668BB8 /* ContextPanelCore */;
			targetProxy = 32954FE71C65F1FD1E590272 /* PBXContainerItemProxy */;
		};
		95EF038F28306DBE4F1E8B06 /* PBXTargetDependency */ = {
			isa = PBXTargetDependency;
			target = 2CBF2D7A344180F87098B384 /* ContextPanelRefreshAgent */;
			targetProxy = EA5CB043A52E103A63373F09 /* PBXContainerItemProxy */;
		};
		D29DE5B6DB7D5B324359BCA0 /* PBXTargetDependency */ = {
			isa = PBXTargetDependency;
			target = EE4B8035BB7A9BD03B668BB8 /* ContextPanelCore */;
			targetProxy = A81BFB53BF2A07F0375FCF7E /* PBXContainerItemProxy */;
		};
/* End PBXTargetDependency section */

/* Begin XCBuildConfiguration section */
		04634A97AA8175852ED3CA9D /* Release */ = {
			isa = XCBuildConfiguration;
			buildSettings = {
				ASSETCATALOG_COMPILER_APPICON_NAME = AppIcon;
				CODE_SIGN_ENTITLEMENTS = Config/ContextPanelAppStore.entitlements;
				CODE_SIGN_IDENTITY = "Apple Distribution";
				COMBINE_HIDPI_IMAGES = YES;
				CONTEXT_PANEL_GOOGLE_OAUTH_CLIENT_ID = "";
				CONTEXT_PANEL_GOOGLE_OAUTH_CLIENT_SECRET = "";
				CURRENT_PROJECT_VERSION = 1;
				GENERATE_INFOPLIST_FILE = NO;
				INFOPLIST_FILE = "Config/ContextPanel-Info.plist";
				INFOPLIST_KEY_CFBundleDisplayName = "Context Panel";
				INFOPLIST_KEY_ITSAppUsesNonExemptEncryption = NO;
				INFOPLIST_KEY_LSApplicationCategoryType = "public.app-category.productivity";
				INFOPLIST_KEY_NSQuitAlwaysKeepsWindows = NO;
				LD_RUNPATH_SEARCH_PATHS = (
					"$(inherited)",
					"@executable_path/../Frameworks",
				);
				MACOSX_DEPLOYMENT_TARGET = 14.0;
				MARKETING_VERSION = 1.0;
				OTHER_LDFLAGS = (
					"$(inherited)",
					"-ObjC",
				);
				PRODUCT_BUNDLE_IDENTIFIER = com.shinycomputers.contextpanel;
				PRODUCT_NAME = "Context Panel";
				PROVISIONING_PROFILE_SPECIFIER = "$(CONTEXT_PANEL_APP_STORE_APP_PROFILE_SPECIFIER)";
				SDKROOT = macosx;
			};
			name = Release;
		};
		58ADB2EF94022C1803CA1F30 /* Debug */ = {
			isa = XCBuildConfiguration;
			buildSettings = {
				COMBINE_HIDPI_IMAGES = YES;
				LD_RUNPATH_SEARCH_PATHS = (
					"$(inherited)",
					"@executable_path/../Frameworks",
				);
				MACOSX_DEPLOYMENT_TARGET = 14.0;
				PRODUCT_BUNDLE_IDENTIFIER = com.shinycomputers.ContextPanelCore;
				PRODUCT_NAME = ContextPanelCore;
				SDKROOT = macosx;
				SKIP_INSTALL = YES;
			};
			name = Debug;
		};
		74F8EA40BF488B2B3B3DCB73 /* Release */ = {
			isa = XCBuildConfiguration;
			buildSettings = {
				ASSETCATALOG_COMPILER_APPICON_NAME = AppIcon;
				CODE_SIGN_ENTITLEMENTS = Config/ContextPanelRefreshAgentAppStore.entitlements;
				CODE_SIGN_IDENTITY = "Apple Distribution";
				COMBINE_HIDPI_IMAGES = YES;
				CURRENT_PROJECT_VERSION = 1;
				GENERATE_INFOPLIST_FILE = YES;
				INFOPLIST_KEY_CFBundleDisplayName = "Context Panel Refresh Agent";
				INFOPLIST_KEY_LSBackgroundOnly = YES;
				INFOPLIST_KEY_LSUIElement = YES;
				LD_RUNPATH_SEARCH_PATHS = (
					"$(inherited)",
					"@executable_path/../Frameworks",
				);
				MACOSX_DEPLOYMENT_TARGET = 14.0;
				MARKETING_VERSION = 1.0;
				OTHER_LDFLAGS = (
					"$(inherited)",
					"-ObjC",
				);
				PRODUCT_BUNDLE_IDENTIFIER = "com.shinycomputers.contextpanel.refresh-agent";
				PRODUCT_NAME = ContextPanelRefreshAgent;
				PROVISIONING_PROFILE_SPECIFIER = "$(CONTEXT_PANEL_APP_STORE_REFRESH_AGENT_PROFILE_SPECIFIER)";
				SDKROOT = macosx;
				SKIP_INSTALL = YES;
			};
			name = Release;
		};
		7FFB726DFDD92831614DCE30 /* Debug */ = {
			isa = XCBuildConfiguration;
			buildSettings = {
				ASSETCATALOG_COMPILER_APPICON_NAME = AppIcon;
				CODE_SIGN_ENTITLEMENTS = Config/ContextPanel.entitlements;
				COMBINE_HIDPI_IMAGES = YES;
				CONTEXT_PANEL_GOOGLE_OAUTH_CLIENT_ID = "";
				CONTEXT_PANEL_GOOGLE_OAUTH_CLIENT_SECRET = "";
				CURRENT_PROJECT_VERSION = 1;
				GENERATE_INFOPLIST_FILE = NO;
				INFOPLIST_FILE = "Config/ContextPanel-Info.plist";
				INFOPLIST_KEY_CFBundleDisplayName = "Context Panel";
				INFOPLIST_KEY_ITSAppUsesNonExemptEncryption = NO;
				INFOPLIST_KEY_LSApplicationCategoryType = "public.app-category.productivity";
				INFOPLIST_KEY_NSQuitAlwaysKeepsWindows = NO;
				LD_RUNPATH_SEARCH_PATHS = (
					"$(inherited)",
					"@executable_path/../Frameworks",
				);
				MACOSX_DEPLOYMENT_TARGET = 14.0;
				MARKETING_VERSION = 1.0;
				OTHER_LDFLAGS = (
					"$(inherited)",
					"-ObjC",
				);
				PRODUCT_BUNDLE_IDENTIFIER = com.shinycomputers.contextpanel;
				PRODUCT_NAME = "Context Panel";
				SDKROOT = macosx;
			};
			name = Debug;
		};
		8A5FA37DF23FC4E3C4201B12 /* Release */ = {
			isa = XCBuildConfiguration;
			buildSettings = {
				COMBINE_HIDPI_IMAGES = YES;
				LD_RUNPATH_SEARCH_PATHS = (
					"$(inherited)",
					"@executable_path/../Frameworks",
				);
				MACOSX_DEPLOYMENT_TARGET = 14.0;
				PRODUCT_BUNDLE_IDENTIFIER = com.shinycomputers.ContextPanelCore;
				PRODUCT_NAME = ContextPanelCore;
				SDKROOT = macosx;
				SKIP_INSTALL = YES;
			};
			name = Release;
		};
		8FBB69A1251FDC3C8BC250F6 /* Debug */ = {
			isa = XCBuildConfiguration;
			buildSettings = {
				CODE_SIGN_ENTITLEMENTS = Config/ContextPanelWidget.entitlements;
				COMBINE_HIDPI_IMAGES = YES;
				CURRENT_PROJECT_VERSION = 1;
				GENERATE_INFOPLIST_FILE = NO;
				INFOPLIST_FILE = "Config/ContextPanelWidget-Info.plist";
				LD_RUNPATH_SEARCH_PATHS = (
					"$(inherited)",
					"@executable_path/../Frameworks",
					"@executable_path/../../../../Frameworks",
				);
				MACOSX_DEPLOYMENT_TARGET = 14.0;
				MARKETING_VERSION = 1.0;
				OTHER_LDFLAGS = (
					"$(inherited)",
					"-ObjC",
				);
				PRODUCT_BUNDLE_IDENTIFIER = com.shinycomputers.contextpanel.widget;
				PRODUCT_NAME = ContextPanelWidgetExtension;
				SDKROOT = macosx;
				SKIP_INSTALL = YES;
			};
			name = Debug;
		};
		AF229A6A5953793A6011AFFA /* Debug */ = {
			isa = XCBuildConfiguration;
			buildSettings = {
				ALWAYS_SEARCH_USER_PATHS = NO;
				CLANG_ANALYZER_NONNULL = YES;
				CLANG_ANALYZER_NUMBER_OBJECT_CONVERSION = YES_AGGRESSIVE;
				CLANG_CXX_LANGUAGE_STANDARD = "gnu++14";
				CLANG_CXX_LIBRARY = "libc++";
				CLANG_ENABLE_MODULES = YES;
				CLANG_ENABLE_OBJC_ARC = YES;
				CLANG_ENABLE_OBJC_WEAK = YES;
				CLANG_WARN_BLOCK_CAPTURE_AUTORELEASING = YES;
				CLANG_WARN_BOOL_CONVERSION = YES;
				CLANG_WARN_COMMA = YES;
				CLANG_WARN_CONSTANT_CONVERSION = YES;
				CLANG_WARN_DEPRECATED_OBJC_IMPLEMENTATIONS = YES;
				CLANG_WARN_DIRECT_OBJC_ISA_USAGE = YES_ERROR;
				CLANG_WARN_DOCUMENTATION_COMMENTS = YES;
				CLANG_WARN_EMPTY_BODY = YES;
				CLANG_WARN_ENUM_CONVERSION = YES;
				CLANG_WARN_INFINITE_RECURSION = YES;
				CLANG_WARN_INT_CONVERSION = YES;
				CLANG_WARN_NON_LITERAL_NULL_CONVERSION = YES;
				CLANG_WARN_OBJC_IMPLICIT_RETAIN_SELF = YES;
				CLANG_WARN_OBJC_LITERAL_CONVERSION = YES;
				CLANG_WARN_OBJC_ROOT_CLASS = YES_ERROR;
				CLANG_WARN_QUOTED_INCLUDE_IN_FRAMEWORK_HEADER = YES;
				CLANG_WARN_RANGE_LOOP_ANALYSIS = YES;
				CLANG_WARN_STRICT_PROTOTYPES = YES;
				CLANG_WARN_SUSPICIOUS_MOVE = YES;
				CLANG_WARN_UNGUARDED_AVAILABILITY = YES_AGGRESSIVE;
				CLANG_WARN_UNREACHABLE_CODE = YES;
				CLANG_WARN__DUPLICATE_METHOD_MATCH = YES;
				CODE_SIGN_STYLE = Automatic;
				COPY_PHASE_STRIP = NO;
				DEBUG_INFORMATION_FORMAT = dwarf;
				DEVELOPMENT_TEAM = MM5YXC7T6E;
				ENABLE_STRICT_OBJC_MSGSEND = YES;
				ENABLE_TESTABILITY = YES;
				GCC_C_LANGUAGE_STANDARD = gnu11;
				GCC_DYNAMIC_NO_PIC = NO;
				GCC_NO_COMMON_BLOCKS = YES;
				GCC_OPTIMIZATION_LEVEL = 0;
				GCC_PREPROCESSOR_DEFINITIONS = (
					"$(inherited)",
					"DEBUG=1",
				);
				GCC_WARN_64_TO_32_BIT_CONVERSION = YES;
				GCC_WARN_ABOUT_RETURN_TYPE = YES_ERROR;
				GCC_WARN_UNDECLARED_SELECTOR = YES;
				GCC_WARN_UNINITIALIZED_AUTOS = YES_AGGRESSIVE;
				GCC_WARN_UNUSED_FUNCTION = YES;
				GCC_WARN_UNUSED_VARIABLE = YES;
				MACOSX_DEPLOYMENT_TARGET = 14.0;
				MTL_ENABLE_DEBUG_INFO = INCLUDE_SOURCE;
				MTL_FAST_MATH = YES;
				ONLY_ACTIVE_ARCH = YES;
				PRODUCT_NAME = "$(TARGET_NAME)";
				SDKROOT = macosx;
				SWIFT_ACTIVE_COMPILATION_CONDITIONS = DEBUG;
				SWIFT_OPTIMIZATION_LEVEL = "-Onone";
				SWIFT_VERSION = 6.0;
			};
			name = Debug;
		};
		B0FD7974BA6DB0042C14D612 /* Debug */ = {
			isa = XCBuildConfiguration;
			buildSettings = {
				ASSETCATALOG_COMPILER_APPICON_NAME = AppIcon;
				CODE_SIGN_ENTITLEMENTS = Config/ContextPanelRefreshAgent.entitlements;
				COMBINE_HIDPI_IMAGES = YES;
				CURRENT_PROJECT_VERSION = 1;
				GENERATE_INFOPLIST_FILE = YES;
				INFOPLIST_KEY_CFBundleDisplayName = "Context Panel Refresh Agent";
				INFOPLIST_KEY_LSBackgroundOnly = YES;
				INFOPLIST_KEY_LSUIElement = YES;
				LD_RUNPATH_SEARCH_PATHS = (
					"$(inherited)",
					"@executable_path/../Frameworks",
				);
				MACOSX_DEPLOYMENT_TARGET = 14.0;
				MARKETING_VERSION = 1.0;
				OTHER_LDFLAGS = (
					"$(inherited)",
					"-ObjC",
				);
				PRODUCT_BUNDLE_IDENTIFIER = "com.shinycomputers.contextpanel.refresh-agent";
				PRODUCT_NAME = ContextPanelRefreshAgent;
				SDKROOT = macosx;
			};
			name = Debug;
		};
		C37F715DCB05E50AB0896150 /* Release */ = {
			isa = XCBuildConfiguration;
			buildSettings = {
				CODE_SIGN_ENTITLEMENTS = Config/ContextPanelWidget.entitlements;
				CODE_SIGN_IDENTITY = "Apple Distribution";
				COMBINE_HIDPI_IMAGES = YES;
				CURRENT_PROJECT_VERSION = 1;
				GENERATE_INFOPLIST_FILE = NO;
				INFOPLIST_FILE = "Config/ContextPanelWidget-Info.plist";
				LD_RUNPATH_SEARCH_PATHS = (
					"$(inherited)",
					"@executable_path/../Frameworks",
					"@executable_path/../../../../Frameworks",
				);
				MACOSX_DEPLOYMENT_TARGET = 14.0;
				MARKETING_VERSION = 1.0;
				OTHER_LDFLAGS = (
					"$(inherited)",
					"-ObjC",
				);
				PRODUCT_BUNDLE_IDENTIFIER = com.shinycomputers.contextpanel.widget;
				PRODUCT_NAME = ContextPanelWidgetExtension;
				PROVISIONING_PROFILE_SPECIFIER = "$(CONTEXT_PANEL_APP_STORE_WIDGET_PROFILE_SPECIFIER)";
				SDKROOT = macosx;
				SKIP_INSTALL = YES;
			};
			name = Release;
		};
		D8D2A31D229BB9A52739BE36 /* Release */ = {
			isa = XCBuildConfiguration;
			buildSettings = {
				ALWAYS_SEARCH_USER_PATHS = NO;
				CLANG_ANALYZER_NONNULL = YES;
				CLANG_ANALYZER_NUMBER_OBJECT_CONVERSION = YES_AGGRESSIVE;
				CLANG_CXX_LANGUAGE_STANDARD = "gnu++14";
				CLANG_CXX_LIBRARY = "libc++";
				CLANG_ENABLE_MODULES = YES;
				CLANG_ENABLE_OBJC_ARC = YES;
				CLANG_ENABLE_OBJC_WEAK = YES;
				CLANG_WARN_BLOCK_CAPTURE_AUTORELEASING = YES;
				CLANG_WARN_BOOL_CONVERSION = YES;
				CLANG_WARN_COMMA = YES;
				CLANG_WARN_CONSTANT_CONVERSION = YES;
				CLANG_WARN_DEPRECATED_OBJC_IMPLEMENTATIONS = YES;
				CLANG_WARN_DIRECT_OBJC_ISA_USAGE = YES_ERROR;
				CLANG_WARN_DOCUMENTATION_COMMENTS = YES;
				CLANG_WARN_EMPTY_BODY = YES;
				CLANG_WARN_ENUM_CONVERSION = YES;
				CLANG_WARN_INFINITE_RECURSION = YES;
				CLANG_WARN_INT_CONVERSION = YES;
				CLANG_WARN_NON_LITERAL_NULL_CONVERSION = YES;
				CLANG_WARN_OBJC_IMPLICIT_RETAIN_SELF = YES;
				CLANG_WARN_OBJC_LITERAL_CONVERSION = YES;
				CLANG_WARN_OBJC_ROOT_CLASS = YES_ERROR;
				CLANG_WARN_QUOTED_INCLUDE_IN_FRAMEWORK_HEADER = YES;
				CLANG_WARN_RANGE_LOOP_ANALYSIS = YES;
				CLANG_WARN_STRICT_PROTOTYPES = YES;
				CLANG_WARN_SUSPICIOUS_MOVE = YES;
				CLANG_WARN_UNGUARDED_AVAILABILITY = YES_AGGRESSIVE;
				CLANG_WARN_UNREACHABLE_CODE = YES;
				CLANG_WARN__DUPLICATE_METHOD_MATCH = YES;
				CODE_SIGN_STYLE = Automatic;
				COPY_PHASE_STRIP = NO;
				DEBUG_INFORMATION_FORMAT = "dwarf-with-dsym";
				DEVELOPMENT_TEAM = MM5YXC7T6E;
				ENABLE_NS_ASSERTIONS = NO;
				ENABLE_STRICT_OBJC_MSGSEND = YES;
				GCC_C_LANGUAGE_STANDARD = gnu11;
				GCC_NO_COMMON_BLOCKS = YES;
				GCC_WARN_64_TO_32_BIT_CONVERSION = YES;
				GCC_WARN_ABOUT_RETURN_TYPE = YES_ERROR;
				GCC_WARN_UNDECLARED_SELECTOR = YES;
				GCC_WARN_UNINITIALIZED_AUTOS = YES_AGGRESSIVE;
				GCC_WARN_UNUSED_FUNCTION = YES;
				GCC_WARN_UNUSED_VARIABLE = YES;
				MACOSX_DEPLOYMENT_TARGET = 14.0;
				MTL_ENABLE_DEBUG_INFO = NO;
				MTL_FAST_MATH = YES;
				PRODUCT_NAME = "$(TARGET_NAME)";
				SDKROOT = macosx;
				SWIFT_COMPILATION_MODE = wholemodule;
				SWIFT_OPTIMIZATION_LEVEL = "-O";
				SWIFT_VERSION = 6.0;
			};
			name = Release;
		};
/* End XCBuildConfiguration section */

/* Begin XCConfigurationList section */
		54E2B892F7409618FAE8F040 /* Build configuration list for PBXNativeTarget "ContextPanel" */ = {
			isa = XCConfigurationList;
			buildConfigurations = (
				7FFB726DFDD92831614DCE30 /* Debug */,
				04634A97AA8175852ED3CA9D /* Release */,
			);
			defaultConfigurationIsVisible = 0;
			defaultConfigurationName = Debug;
		};
		6CB2601991081CFCCB5C6E04 /* Build configuration list for PBXNativeTarget "ContextPanelWidgetExtension" */ = {
			isa = XCConfigurationList;
			buildConfigurations = (
				8FBB69A1251FDC3C8BC250F6 /* Debug */,
				C37F715DCB05E50AB0896150 /* Release */,
			);
			defaultConfigurationIsVisible = 0;
			defaultConfigurationName = Debug;
		};
		92BBFCCC0845D1666D05CD89 /* Build configuration list for PBXNativeTarget "ContextPanelRefreshAgent" */ = {
			isa = XCConfigurationList;
			buildConfigurations = (
				B0FD7974BA6DB0042C14D612 /* Debug */,
				74F8EA40BF488B2B3B3DCB73 /* Release */,
			);
			defaultConfigurationIsVisible = 0;
			defaultConfigurationName = Debug;
		};
		9B6F6DC10F1BF3A02285845F /* Build configuration list for PBXProject "ContextPanel" */ = {
			isa = XCConfigurationList;
			buildConfigurations = (
				AF229A6A5953793A6011AFFA /* Debug */,
				D8D2A31D229BB9A52739BE36 /* Release */,
			);
			defaultConfigurationIsVisible = 0;
			defaultConfigurationName = Debug;
		};
		9CBD94C5FBD8FC3E4201DB61 /* Build configuration list for PBXNativeTarget "ContextPanelCore" */ = {
			isa = XCConfigurationList;
			buildConfigurations = (
				58ADB2EF94022C1803CA1F30 /* Debug */,
				8A5FA37DF23FC4E3C4201B12 /* Release */,
			);
			defaultConfigurationIsVisible = 0;
			defaultConfigurationName = Debug;
		};
/* End XCConfigurationList section */
	};
	rootObject = 194387DBD3D0F10E17F284F9 /* Project object */;
}
